
Microsoft Visual Studio Solution File, Format Version 12.00
# Visual Studio Version 17
VisualStudioVersion = 17.11.35303.130
MinimumVisualStudioVersion = 10.0.40219.1
Project("{FAE04EC0-301F-11D3-BF4B-00C04F79EFBC}") = "ThAmCoCateringApp", "ThAmCoCateringApp\ThAmCoCateringApp.csproj", "{1789DA1F-B438-4852-A919-93DE15C6C726}"
EndProject
Global
	GlobalSection(SolutionConfigurationPlatforms) = preSolution
		Debug|Any CPU = Debug|Any CPU
		Release|Any CPU = Release|Any CPU
	EndGlobalSection
	GlobalSection(ProjectConfigurationPlatforms) = postSolution
		{1789DA1F-B438-4852-A919-93DE15C6C726}.Debug|Any CPU.ActiveCfg = Debug|Any CPU
		{1789DA1F-B438-4852-A919-93DE15C6C726}.Debug|Any CPU.Build.0 = Debug|Any CPU
		{1789DA1F-B438-4852-A919-93DE15C6C726}.Release|Any CPU.ActiveCfg = Release|Any CPU
		{1789DA1F-B438-4852-A919-93DE15C6C726}.Release|Any CPU.Build.0 = Release|Any CPU
	EndGlobalSection
	GlobalSection(SolutionProperties) = preSolution
		HideSolutionNode = FALSE
	EndGlobalSection
	GlobalSection(ExtensibilityGlobals) = postSolution
		SolutionGuid = {3B1EC3B7-2F3C-4B67-9A68-14427C0E1DC0}
	EndGlobalSection
EndGlobal
